
Microsoft Visual Studio Solution File, Format Version 12.00
# Visual Studio Version 17
VisualStudioVersion = 17.0.32014.148
MinimumVisualStudioVersion = 10.0.40219.1
Project("{FAE04EC0-301F-11D3-BF4B-00C04F79EFBC}") = "Task1", "Task1\Task1.csproj", "{BD460418-D35F-4C8F-89C1-CEF5C32FA208}"
EndProject
Project("{FAE04EC0-301F-11D3-BF4B-00C04F79EFBC}") = "Task2", "Task2\Task2.csproj", "{8AEDD79B-5A80-4F5F-92AD-0BCC6E63875E}"
EndProject
Global
	GlobalSection(SolutionConfigurationPlatforms) = preSolution
		Debug|Any CPU = Debug|Any CPU
		Release|Any CPU = Release|Any CPU
	EndGlobalSection
	GlobalSection(ProjectConfigurationPlatforms) = postSolution
		{BD460418-D35F-4C8F-89C1-CEF5C32FA208}.Debug|Any CPU.ActiveCfg = Debug|Any CPU
		{BD460418-D35F-4C8F-89C1-CEF5C32FA208}.Debug|Any CPU.Build.0 = Debug|Any CPU
		{BD460418-D35F-4C8F-89C1-CEF5C32FA208}.Release|Any CPU.ActiveCfg = Release|Any CPU
		{BD460418-D35F-4C8F-89C1-CEF5C32FA208}.Release|Any CPU.Build.0 = Release|Any CPU
		{8AEDD79B-5A80-4F5F-92AD-0BCC6E63875E}.Debug|Any CPU.ActiveCfg = Debug|Any CPU
		{8AEDD79B-5A80-4F5F-92AD-0BCC6E63875E}.Debug|Any CPU.Build.0 = Debug|Any CPU
		{8AEDD79B-5A80-4F5F-92AD-0BCC6E63875E}.Release|Any CPU.ActiveCfg = Release|Any CPU
		{8AEDD79B-5A80-4F5F-92AD-0BCC6E63875E}.Release|Any CPU.Build.0 = Release|Any CPU
	EndGlobalSection
	GlobalSection(SolutionProperties) = preSolution
		HideSolutionNode = FALSE
	EndGlobalSection
	GlobalSection(ExtensibilityGlobals) = postSolution
		SolutionGuid = {9D35DF68-886B-4389-808A-84865B36C60D}
	EndGlobalSection
EndGlobal
